
Microsoft Visual Studio Solution File, Format Version 12.00
# Visual Studio Version 17
VisualStudioVersion = 17.5.33502.453
MinimumVisualStudioVersion = 10.0.40219.1
Project("{9A19103F-16F7-4668-BE54-9A1E7A4F7556}") = "netCollections", "src\netCollections\netCollections.csproj", "{15FD0C1A-31BD-424C-B690-1EF8E0CB941C}"
EndProject
Project("{FAE04EC0-301F-11D3-BF4B-00C04F79EFBC}") = "netCollections.Tests", "test\netCollections.Tests\netCollections.Tests.csproj", "{F434B868-A384-4703-9D22-FAFEA744198F}"
EndProject
Global
	GlobalSection(SolutionConfigurationPlatforms) = preSolution
		Debug|Any CPU = Debug|Any CPU
		Release|Any CPU = Release|Any CPU
	EndGlobalSection
	GlobalSection(ProjectConfigurationPlatforms) = postSolution
		{15FD0C1A-31BD-424C-B690-1EF8E0CB941C}.Debug|Any CPU.ActiveCfg = Debug|Any CPU
		{15FD0C1A-31BD-424C-B690-1EF8E0CB941C}.Debug|Any CPU.Build.0 = Debug|Any CPU
		{15FD0C1A-31BD-424C-B690-1EF8E0CB941C}.Release|Any CPU.ActiveCfg = Release|Any CPU
		{15FD0C1A-31BD-424C-B690-1EF8E0CB941C}.Release|Any CPU.Build.0 = Release|Any CPU
		{F434B868-A384-4703-9D22-FAFEA744198F}.Debug|Any CPU.ActiveCfg = Debug|Any CPU
		{F434B868-A384-4703-9D22-FAFEA744198F}.Debug|Any CPU.Build.0 = Debug|Any CPU
		{F434B868-A384-4703-9D22-FAFEA744198F}.Release|Any CPU.ActiveCfg = Release|Any CPU
		{F434B868-A384-4703-9D22-FAFEA744198F}.Release|Any CPU.Build.0 = Release|Any CPU
	EndGlobalSection
	GlobalSection(SolutionProperties) = preSolution
		HideSolutionNode = FALSE
	EndGlobalSection
	GlobalSection(ExtensibilityGlobals) = postSolution
		SolutionGuid = {249A0136-738C-4FD1-9B27-5DB042561C26}
	EndGlobalSection
EndGlobal
